// !$*UTF8*$!
{
	archiveVersion = 1;
	classes = {
	};
	objectVersion = 56;
	objects = {

/* Begin PBXBuildFile section */
		81AD67AB2A0A2B9200314822 /* AppDelegate.swift in Sources */ = {isa = PBXBuildFile; fileRef = 81AD67AA2A0A2B9200314822 /* AppDelegate.swift */; };
		81AD67AD2A0A2B9200314822 /* SceneDelegate.swift in Sources */ = {isa = PBXBuildFile; fileRef = 81AD67AC2A0A2B9200314822 /* SceneDelegate.swift */; };
		81AD67AF2A0A2B9200314822 /* ViewController.swift in Sources */ = {isa = PBXBuildFile; fileRef = 81AD67AE2A0A2B9200314822 /* ViewController.swift */; };
		81AD67B22A0A2B9200314822 /* Main.storyboard in Resources */ = {isa = PBXBuildFile; fileRef = 81AD67B02A0A2B9200314822 /* Main.storyboard */; };
		81AD67B42A0A2B9300314822 /* Assets.xcassets in Resources */ = {isa = PBXBuildFile; fileRef = 81AD67B32A0A2B9300314822 /* Assets.xcassets */; };
		81AD67B72A0A2B9300314822 /* LaunchScreen.storyboard in Resources */ = {isa = PBXBuildFile; fileRef = 81AD67B52A0A2B9300314822 /* LaunchScreen.storyboard */; };
		81AD67C22A0A2B9300314822 /* pictureCompareTests.swift in Sources */ = {isa = PBXBuildFile; fileRef = 81AD67C12A0A2B9300314822 /* pictureCompareTests.swift */; };
		81AD67CC2A0A2B9300314822 /* pictureCompareUITests.swift in Sources */ = {isa = PBXBuildFile; fileRef = 81AD67CB2A0A2B9300314822 /* pictureCompareUITests.swift */; };
		81AD67CE2A0A2B9300314822 /* pictureCompareUITestsLaunchTests.swift in Sources */ = {isa = PBXBuildFile; fileRef = 81AD67CD2A0A2B9300314822 /* pictureCompareUITestsLaunchTests.swift */; };
/* End PBXBuildFile section */

/* Begin PBXContainerItemProxy section */
		81AD67BE2A0A2B9300314822 /* PBXContainerItemProxy */ = {
			isa = PBXContainerItemProxy;
			containerPortal = 81AD679F2A0A2B9200314822 /* Project object */;
			proxyType = 1;
			remoteGlobalIDString = 81AD67A62A0A2B9200314822;
			remoteInfo = pictureCompare;
		};
		81AD67C82A0A2B9300314822 /* PBXContainerItemProxy */ = {
			isa = PBXContainerItemProxy;
			containerPortal = 81AD679F2A0A2B9200314822 /* Project object */;
			proxyType = 1;
			remoteGlobalIDString = 81AD67A62A0A2B9200314822;
			remoteInfo = pictureCompare;
		};
/* End PBXContainerItemProxy section */

/* Begin PBXFileReference section */
		81AD67A72A0A2B9200314822 /* pictureCompare.app */ = {isa = PBXFileReference; explicitFileType = wrapper.application; includeInIndex = 0; path = pictureCompare.app; sourceTree = BUILT_PRODUCTS_DIR; };
		81AD67AA2A0A2B9200314822 /* AppDelegate.swift */ = {isa = PBXFileReference; lastKnownFileType = sourcecode.swift; path = AppDelegate.swift; sourceTree = "<group>"; };
		81AD67AC2A0A2B9200314822 /* SceneDelegate.swift */ = {isa = PBXFileReference; lastKnownFileType = sourcecode.swift; path = SceneDelegate.swift; sourceTree = "<group>"; };
		81AD67AE2A0A2B9200314822 /* ViewController.swift */ = {isa = PBXFileReference; lastKnownFileType = sourcecode.swift; path = ViewController.swift; sourceTree = "<group>"; };
		81AD67B12A0A2B9200314822 /* Base */ = {isa = PBXFileReference; lastKnownFileType = file.storyboard; name = Base; path = Base.lproj/Main.storyboard; sourceTree = "<group>"; };
		81AD67B32A0A2B9300314822 /* Assets.xcassets */ = {isa = PBXFileReference; lastKnownFileType = folder.assetcatalog; path = Assets.xcassets; sourceTree = "<group>"; };
		81AD67B62A0A2B9300314822 /* Base */ = {isa = PBXFileReference; lastKnownFileType = file.storyboard; name = Base; path = Base.lproj/LaunchScreen.storyboard; sourceTree = "<group>"; };
		81AD67B82A0A2B9300314822 /* Info.plist */ = {isa = PBXFileReference; lastKnownFileType = text.plist.xml; path = Info.plist; sourceTree = "<group>"; };
		81AD67BD2A0A2B9300314822 /* pictureCompareTests.xctest */ = {isa = PBXFileReference; explicitFileType = wrapper.cfbundle; includeInIndex = 0; path = pictureCompareTests.xctest; sourceTree = BUILT_PRODUCTS_DIR; };
		81AD67C12A0A2B9300314822 /* pictureCompareTests.swift */ = {isa = PBXFileReference; lastKnownFileType = sourcecode.swift; path = pictureCompareTests.swift; sourceTree = "<group>"; };
		81AD67C72A0A2B9300314822 /* pictureCompareUITests.xctest */ = {isa = PBXFileReference; explicitFileType = wrapper.cfbundle; includeInIndex = 0; path = pictureCompareUITests.xctest; sourceTree = BUILT_PRODUCTS_DIR; };
		81AD67CB2A0A2B9300314822 /* pictureCompareUITests.swift */ = {isa = PBXFileReference; lastKnownFileType = sourcecode.swift; path = pictureCompareUITests.swift; sourceTree = "<group>"; };
		81AD67CD2A0A2B9300314822 /* pictureCompareUITestsLaunchTests.swift */ = {isa = PBXFileReference; lastKnownFileType = sourcecode.swift; path = pictureCompareUITestsLaunchTests.swift; sourceTree = "<group>"; };
/* End PBXFileReference section */

/* Begin PBXFrameworksBuildPhase section */
		81AD67A42A0A2B9200314822 /* Frameworks */ = {
			isa = PBXFrameworksBuildPhase;
			buildActionMask = 2147483647;
			files = (
			);
			runOnlyForDeploymentPostprocessing = 0;
		};
		81AD67BA2A0A2B9300314822 /* Frameworks */ = {
			isa = PBXFrameworksBuildPhase;
			buildActionMask = 2147483647;
			files = (
			);
			runOnlyForDeploymentPostprocessing = 0;
		};
		81AD67C42A0A2B9300314822 /* Frameworks */ = {
			isa = PBXFrameworksBuildPhase;
			buildActionMask = 2147483647;
			files = (
			);
			runOnlyForDeploymentPostprocessing = 0;
		};
/* End PBXFrameworksBuildPhase section */

/* Begin PBXGroup section */
		81AD679E2A0A2B9200314822 = {
			isa = PBXGroup;
			children = (
				81AD67A92A0A2B9200314822 /* pictureCompare */,
				81AD67C02A0A2B9300314822 /* pictureCompareTests */,
				81AD67CA2A0A2B9300314822 /* pictureCompareUITests */,
				81AD67A82A0A2B9200314822 /* Products */,
			);
			sourceTree = "<group>";
		};
		81AD67A82A0A2B9200314822 /* Products */ = {
			isa = PBXGroup;
			children = (
				81AD67A72A0A2B9200314822 /* pictureCompare.app */,
				81AD67BD2A0A2B9300314822 /* pictureCompareTests.xctest */,
				81AD67C72A0A2B9300314822 /* pictureCompareUITests.xctest */,
			);
			name = Products;
			sourceTree = "<group>";
		};
		81AD67A92A0A2B9200314822 /* pictureCompare */ = {
			isa = PBXGroup;
			children = (
				81AD67AA2A0A2B9200314822 /* AppDelegate.swift */,
				81AD67AC2A0A2B9200314822 /* SceneDelegate.swift */,
				81AD67AE2A0A2B9200314822 /* ViewController.swift */,
				81AD67B02A0A2B9200314822 /* Main.storyboard */,
				81AD67B32A0A2B9300314822 /* Assets.xcassets */,
				81AD67B52A0A2B9300314822 /* LaunchScreen.storyboard */,
				81AD67B82A0A2B9300314822 /* Info.plist */,
			);
			path = pictureCompare;
			sourceTree = "<group>";
		};
		81AD67C02A0A2B9300314822 /* pictureCompareTests */ = {
			isa = PBXGroup;
			children = (
				81AD67C12A0A2B9300314822 /* pictureCompareTests.swift */,
			);
			path = pictureCompareTests;
			sourceTree = "<group>";
		};
		81AD67CA2A0A2B9300314822 /* pictureCompareUITests */ = {
			isa = PBXGroup;
			children = (
				81AD67CB2A0A2B9300314822 /* pictureCompareUITests.swift */,
				81AD67CD2A0A2B9300314822 /* pictureCompareUITestsLaunchTests.swift */,
			);
			path = pictureCompareUITests;
			sourceTree = "<group>";
		};
/* End PBXGroup section */

/* Begin PBXNativeTarget section */
		81AD67A62A0A2B9200314822 /* pictureCompare */ = {
			isa = PBXNativeTarget;
			buildConfigurationList = 81AD67D12A0A2B9300314822 /* Build configuration list for PBXNativeTarget "pictureCompare" */;
			buildPhases = (
				81AD67A32A0A2B9200314822 /* Sources */,
				81AD67A42A0A2B9200314822 /* Frameworks */,
				81AD67A52A0A2B9200314822 /* Resources */,
			);
			buildRules = (
			);
			dependencies = (
			);
			name = pictureCompare;
			productName = pictureCompare;
			productReference = 81AD67A72A0A2B9200314822 /* pictureCompare.app */;
			productType = "com.apple.product-type.application";
		};
		81AD67BC2A0A2B9300314822 /* pictureCompareTests */ = {
			isa = PBXNativeTarget;
			buildConfigurationList = 81AD67D42A0A2B9300314822 /* Build configuration list for PBXNativeTarget "pictureCompareTests" */;
			buildPhases = (
				81AD67B92A0A2B9300314822 /* Sources */,
				81AD67BA2A0A2B9300314822 /* Frameworks */,
				81AD67BB2A0A2B9300314822 /* Resources */,
			);
			buildRules = (
			);
			dependencies = (
				81AD67BF2A0A2B9300314822 /* PBXTargetDependency */,
			);
			name = pictureCompareTests;
			productName = pictureCompareTests;
			productReference = 81AD67BD2A0A2B9300314822 /* pictureCompareTests.xctest */;
			productType = "com.apple.product-type.bundle.unit-test";
		};
		81AD67C62A0A2B9300314822 /* pictureCompareUITests */ = {
			isa = PBXNativeTarget;
			buildConfigurationList = 81AD67D72A0A2B9300314822 /* Build configuration list for PBXNativeTarget "pictureCompareUITests" */;
			buildPhases = (
				81AD67C32A0A2B9300314822 /* Sources */,
				81AD67C42A0A2B9300314822 /* Frameworks */,
				81AD67C52A0A2B9300314822 /* Resources */,
			);
			buildRules = (
			);
			dependencies = (
				81AD67C92A0A2B9300314822 /* PBXTargetDependency */,
			);
			name = pictureCompareUITests;
			productName = pictureCompareUITests;
			productReference = 81AD67C72A0A2B9300314822 /* pictureCompareUITests.xctest */;
			productType = "com.apple.product-type.bundle.ui-testing";
		};
/* End PBXNativeTarget section */

/* Begin PBXProject section */
		81AD679F2A0A2B9200314822 /* Project object */ = {
			isa = PBXProject;
			attributes = {
				BuildIndependentTargetsInParallel = 1;
				LastSwiftUpdateCheck = 1420;
				LastUpgradeCheck = 1420;
				TargetAttributes = {
					81AD67A62A0A2B9200314822 = {
						CreatedOnToolsVersion = 14.2;
					};
					81AD67BC2A0A2B9300314822 = {
						CreatedOnToolsVersion = 14.2;
						TestTargetID = 81AD67A62A0A2B9200314822;
					};
					81AD67C62A0A2B9300314822 = {
						CreatedOnToolsVersion = 14.2;
						TestTargetID = 81AD67A62A0A2B9200314822;
					};
				};
			};
			buildConfigurationList = 81AD67A22A0A2B9200314822 /* Build configuration list for PBXProject "pictureCompare" */;
			compatibilityVersion = "Xcode 14.0";
			developmentRegion = en;
			hasScannedForEncodings = 0;
			knownRegions = (
				en,
				Base,
			);
			mainGroup = 81AD679E2A0A2B9200314822;
			productRefGroup = 81AD67A82A0A2B9200314822 /* Products */;
			projectDirPath = "";
			projectRoot = "";
			targets = (
				81AD67A62A0A2B9200314822 /* pictureCompare */,
				81AD67BC2A0A2B9300314822 /* pictureCompareTests */,
				81AD67C62A0A2B9300314822 /* pictureCompareUITests */,
			);
		};
/* End PBXProject section */

/* Begin PBXResourcesBuildPhase section */
		81AD67A52A0A2B9200314822 /* Resources */ = {
			isa = PBXResourcesBuildPhase;
			buildActionMask = 2147483647;
			files = (
				81AD67B72A0A2B9300314822 /* LaunchScreen.storyboard in Resources */,
				81AD67B42A0A2B9300314822 /* Assets.xcassets in Resources */,
				81AD67B22A0A2B9200314822 /* Main.storyboard in Resources */,
			);
			runOnlyForDeploymentPostprocessing = 0;
		};
		81AD67BB2A0A2B9300314822 /* Resources */ = {
			isa = PBXResourcesBuildPhase;
			buildActionMask = 2147483647;
			files = (
			);
			runOnlyForDeploymentPostprocessing = 0;
		};
		81AD67C52A0A2B9300314822 /* Resources */ = {
			isa = PBXResourcesBuildPhase;
			buildActionMask = 2147483647;
			files = (
			);
			runOnlyForDeploymentPostprocessing = 0;
		};
/* End PBXResourcesBuildPhase section */

/* Begin PBXSourcesBuildPhase section */
		81AD67A32A0A2B9200314822 /* Sources */ = {
			isa = PBXSourcesBuildPhase;
			buildActionMask = 2147483647;
			files = (
				81AD67AF2A0A2B9200314822 /* ViewController.swift in Sources */,
				81AD67AB2A0A2B9200314822 /* AppDelegate.swift in Sources */,
				81AD67AD2A0A2B9200314822 /* SceneDelegate.swift in Sources */,
			);
			runOnlyForDeploymentPostprocessing = 0;
		};
		81AD67B92A0A2B9300314822 /* Sources */ = {
			isa = PBXSourcesBuildPhase;
			buildActionMask = 2147483647;
			files = (
				81AD67C22A0A2B9300314822 /* pictureCompareTests.swift in Sources */,
			);
			runOnlyForDeploymentPostprocessing = 0;
		};
		81AD67C32A0A2B9300314822 /* Sources */ = {
			isa = PBXSourcesBuildPhase;
			buildActionMask = 2147483647;
			files = (
				81AD67CC2A0A2B9300314822 /* pictureCompareUITests.swift in Sources */,
				81AD67CE2A0A2B9300314822 /* pictureCompareUITestsLaunchTests.swift in Sources */,
			);
			runOnlyForDeploymentPostprocessing = 0;
		};
/* End PBXSourcesBuildPhase section */

/* Begin PBXTargetDependency section */
		81AD67BF2A0A2B9300314822 /* PBXTargetDependency */ = {
			isa = PBXTargetDependency;
			target = 81AD67A62A0A2B9200314822 /* pictureCompare */;
			targetProxy = 81AD67BE2A0A2B9300314822 /* PBXContainerItemProxy */;
		};
		81AD67C92A0A2B9300314822 /* PBXTargetDependency */ = {
			isa = PBXTargetDependency;
			target = 81AD67A62A0A2B9200314822 /* pictureCompare */;
			targetProxy = 81AD67C82A0A2B9300314822 /* PBXContainerItemProxy */;
		};
/* End PBXTargetDependency section */

/* Begin PBXVariantGroup section */
		81AD67B02A0A2B9200314822 /* Main.storyboard */ = {
			isa = PBXVariantGroup;
			children = (
				81AD67B12A0A2B9200314822 /* Base */,
			);
			name = Main.storyboard;
			sourceTree = "<group>";
		};
		81AD67B52A0A2B9300314822 /* LaunchScreen.storyboard */ = {
			isa = PBXVariantGroup;
			children = (
				81AD67B62A0A2B9300314822 /* Base */,
			);
			name = LaunchScreen.storyboard;
			sourceTree = "<group>";
		};
/* End PBXVariantGroup section */

/* Begin XCBuildConfiguration section */
		81AD67CF2A0A2B9300314822 /* Debug */ = {
			isa = XCBuildConfiguration;
			buildSettings = {
				ALWAYS_SEARCH_USER_PATHS = NO;
				CLANG_ANALYZER_NONNULL = YES;
				CLANG_ANALYZER_NUMBER_OBJECT_CONVERSION = YES_AGGRESSIVE;
				CLANG_CXX_LANGUAGE_STANDARD = "gnu++20";
				CLANG_ENABLE_MODULES = YES;
				CLANG_ENABLE_OBJC_ARC = YES;
				CLANG_ENABLE_OBJC_WEAK = YES;
				CLANG_WARN_BLOCK_CAPTURE_AUTORELEASING = YES;
				CLANG_WARN_BOOL_CONVERSION = YES;
				CLANG_WARN_COMMA = YES;
				CLANG_WARN_CONSTANT_CONVERSION = YES;
				CLANG_WARN_DEPRECATED_OBJC_IMPLEMENTATIONS = YES;
				CLANG_WARN_DIRECT_OBJC_ISA_USAGE = YES_ERROR;
				CLANG_WARN_DOCUMENTATION_COMMENTS = YES;
				CLANG_WARN_EMPTY_BODY = YES;
				CLANG_WARN_ENUM_CONVERSION = YES;
				CLANG_WARN_INFINITE_RECURSION = YES;
				CLANG_WARN_INT_CONVERSION = YES;
				CLANG_WARN_NON_LITERAL_NULL_CONVERSION = YES;
				CLANG_WARN_OBJC_IMPLICIT_RETAIN_SELF = YES;
				CLANG_WARN_OBJC_LITERAL_CONVERSION = YES;
				CLANG_WARN_OBJC_ROOT_CLASS = YES_ERROR;
				CLANG_WARN_QUOTED_INCLUDE_IN_FRAMEWORK_HEADER = YES;
				CLANG_WARN_RANGE_LOOP_ANALYSIS = YES;
				CLANG_WARN_STRICT_PROTOTYPES = YES;
				CLANG_WARN_SUSPICIOUS_MOVE = YES;
				CLANG_WARN_UNGUARDED_AVAILABILITY = YES_AGGRESSIVE;
				CLANG_WARN_UNREACHABLE_CODE = YES;
				CLANG_WARN__DUPLICATE_METHOD_MATCH = YES;
				COPY_PHASE_STRIP = NO;
				DEBUG_INFORMATION_FORMAT = dwarf;
				ENABLE_STRICT_OBJC_MSGSEND = YES;
				ENABLE_TESTABILITY = YES;
				GCC_C_LANGUAGE_STANDARD = gnu11;
				GCC_DYNAMIC_NO_PIC = NO;
				GCC_NO_COMMON_BLOCKS = YES;
				GCC_OPTIMIZATION_LEVEL = 0;
				GCC_PREPROCESSOR_DEFINITIONS = (
					"DEBUG=1",
					"$(inherited)",
				);
				GCC_WARN_64_TO_32_BIT_CONVERSION = YES;
				GCC_WARN_ABOUT_RETURN_TYPE = YES_ERROR;
				GCC_WARN_UNDECLARED_SELECTOR = YES;
				GCC_WARN_UNINITIALIZED_AUTOS = YES_AGGRESSIVE;
				GCC_WARN_UNUSED_FUNCTION = YES;
				GCC_WARN_UNUSED_VARIABLE = YES;
				IPHONEOS_DEPLOYMENT_TARGET = 16.2;
				MTL_ENABLE_DEBUG_INFO = INCLUDE_SOURCE;
				MTL_FAST_MATH = YES;
				ONLY_ACTIVE_ARCH = YES;
				SDKROOT = iphoneos;
				SWIFT_ACTIVE_COMPILATION_CONDITIONS = DEBUG;
				SWIFT_OPTIMIZATION_LEVEL = "-Onone";
			};
			name = Debug;
		};
		81AD67D02A0A2B9300314822 /* Release */ = {
			isa = XCBuildConfiguration;
			buildSettings = {
				ALWAYS_SEARCH_USER_PATHS = NO;
				CLANG_ANALYZER_NONNULL = YES;
				CLANG_ANALYZER_NUMBER_OBJECT_CONVERSION = YES_AGGRESSIVE;
				CLANG_CXX_LANGUAGE_STANDARD = "gnu++20";
				CLANG_ENABLE_MODULES = YES;
				CLANG_ENABLE_OBJC_ARC = YES;
				CLANG_ENABLE_OBJC_WEAK = YES;
				CLANG_WARN_BLOCK_CAPTURE_AUTORELEASING = YES;
				CLANG_WARN_BOOL_CONVERSION = YES;
				CLANG_WARN_COMMA = YES;
				CLANG_WARN_CONSTANT_CONVERSION = YES;
				CLANG_WARN_DEPRECATED_OBJC_IMPLEMENTATIONS = YES;
				CLANG_WARN_DIRECT_OBJC_ISA_USAGE = YES_ERROR;
				CLANG_WARN_DOCUMENTATION_COMMENTS = YES;
				CLANG_WARN_EMPTY_BODY = YES;
				CLANG_WARN_ENUM_CONVERSION = YES;
				CLANG_WARN_INFINITE_RECURSION = YES;
				CLANG_WARN_INT_CONVERSION = YES;
				CLANG_WARN_NON_LITERAL_NULL_CONVERSION = YES;
				CLANG_WARN_OBJC_IMPLICIT_RETAIN_SELF = YES;
				CLANG_WARN_OBJC_LITERAL_CONVERSION = YES;
				CLANG_WARN_OBJC_ROOT_CLASS = YES_ERROR;
				CLANG_WARN_QUOTED_INCLUDE_IN_FRAMEWORK_HEADER = YES;
				CLANG_WARN_RANGE_LOOP_ANALYSIS = YES;
				CLANG_WARN_STRICT_PROTOTYPES = YES;
				CLANG_WARN_SUSPICIOUS_MOVE = YES;
				CLANG_WARN_UNGUARDED_AVAILABILITY = YES_AGGRESSIVE;
				CLANG_WARN_UNREACHABLE_CODE = YES;
				CLANG_WARN__DUPLICATE_METHOD_MATCH = YES;
				COPY_PHASE_STRIP = NO;
				DEBUG_INFORMATION_FORMAT = "dwarf-with-dsym";
				ENABLE_NS_ASSERTIONS = NO;
				ENABLE_STRICT_OBJC_MSGSEND = YES;
				GCC_C_LANGUAGE_STANDARD = gnu11;
				GCC_NO_COMMON_BLOCKS = YES;
				GCC_WARN_64_TO_32_BIT_CONVERSION = YES;
				GCC_WARN_ABOUT_RETURN_TYPE = YES_ERROR;
				GCC_WARN_UNDECLARED_SELECTOR = YES;
				GCC_WARN_UNINITIALIZED_AUTOS = YES_AGGRESSIVE;
				GCC_WARN_UNUSED_FUNCTION = YES;
				GCC_WARN_UNUSED_VARIABLE = YES;
				IPHONEOS_DEPLOYMENT_TARGET = 16.2;
				MTL_ENABLE_DEBUG_INFO = NO;
				MTL_FAST_MATH = YES;
				SDKROOT = iphoneos;
				SWIFT_COMPILATION_MODE = wholemodule;
				SWIFT_OPTIMIZATION_LEVEL = "-O";
				VALIDATE_PRODUCT = YES;
			};
			name = Release;
		};
		81AD67D22A0A2B9300314822 /* Debug */ = {
			isa = XCBuildConfiguration;
			buildSettings = {
				ASSETCATALOG_COMPILER_APPICON_NAME = AppIcon;
				ASSETCATALOG_COMPILER_GLOBAL_ACCENT_COLOR_NAME = AccentColor;
				CODE_SIGN_STYLE = Automatic;
				CURRENT_PROJECT_VERSION = 1;
				GENERATE_INFOPLIST_FILE = YES;
				INFOPLIST_FILE = pictureCompare/Info.plist;
				INFOPLIST_KEY_UIApplicationSupportsIndirectInputEvents = YES;
				INFOPLIST_KEY_UILaunchStoryboardName = LaunchScreen;
				INFOPLIST_KEY_UIMainStoryboardFile = Main;
				INFOPLIST_KEY_UISupportedInterfaceOrientations_iPad = "UIInterfaceOrientationPortrait UIInterfaceOrientationPortraitUpsideDown UIInterfaceOrientationLandscapeLeft UIInterfaceOrientationLandscapeRight";
				INFOPLIST_KEY_UISupportedInterfaceOrientations_iPhone = "UIInterfaceOrientationPortrait UIInterfaceOrientationLandscapeLeft UIInterfaceOrientationLandscapeRight";
				LD_RUNPATH_SEARCH_PATHS = (
					"$(inherited)",
					"@executable_path/Frameworks",
				);
				MARKETING_VERSION = 1.0;
				PRODUCT_BUNDLE_IDENTIFIER = yasuyama.pictureCompare;
				PRODUCT_NAME = "$(TARGET_NAME)";
				SWIFT_EMIT_LOC_STRINGS = YES;
				SWIFT_VERSION = 5.0;
				TARGETED_DEVICE_FAMILY = "1,2";
			};
			name = Debug;
		};
		81AD67D32A0A2B9300314822 /* Release */ = {
			isa = XCBuildConfiguration;
			buildSettings = {
				ASSETCATALOG_COMPILER_APPICON_NAME = AppIcon;
				ASSETCATALOG_COMPILER_GLOBAL_ACCENT_COLOR_NAME = AccentColor;
				CODE_SIGN_STYLE = Automatic;
				CURRENT_PROJECT_VERSION = 1;
				GENERATE_INFOPLIST_FILE = YES;
				INFOPLIST_FILE = pictureCompare/Info.plist;
				INFOPLIST_KEY_UIApplicationSupportsIndirectInputEvents = YES;
				INFOPLIST_KEY_UILaunchStoryboardName = LaunchScreen;
				INFOPLIST_KEY_UIMainStoryboardFile = Main;
				INFOPLIST_KEY_UISupportedInterfaceOrientations_iPad = "UIInterfaceOrientationPortrait UIInterfaceOrientationPortraitUpsideDown UIInterfaceOrientationLandscapeLeft UIInterfaceOrientationLandscapeRight";
				INFOPLIST_KEY_UISupportedInterfaceOrientations_iPhone = "UIInterfaceOrientationPortrait UIInterfaceOrientationLandscapeLeft UIInterfaceOrientationLandscapeRight";
				LD_RUNPATH_SEARCH_PATHS = (
					"$(inherited)",
					"@executable_path/Frameworks",
				);
				MARKETING_VERSION = 1.0;
				PRODUCT_BUNDLE_IDENTIFIER = yasuyama.pictureCompare;
				PRODUCT_NAME = "$(TARGET_NAME)";
				SWIFT_EMIT_LOC_STRINGS = YES;
				SWIFT_VERSION = 5.0;
				TARGETED_DEVICE_FAMILY = "1,2";
			};
			name = Release;
		};
		81AD67D52A0A2B9300314822 /* Debug */ = {
			isa = XCBuildConfiguration;
			buildSettings = {
				ALWAYS_EMBED_SWIFT_STANDARD_LIBRARIES = YES;
				BUNDLE_LOADER = "$(TEST_HOST)";
				CODE_SIGN_STYLE = Automatic;
				CURRENT_PROJECT_VERSION = 1;
				GENERATE_INFOPLIST_FILE = YES;
				IPHONEOS_DEPLOYMENT_TARGET = 16.2;
				MARKETING_VERSION = 1.0;
				PRODUCT_BUNDLE_IDENTIFIER = yasuyama.pictureCompareTests;
				PRODUCT_NAME = "$(TARGET_NAME)";
				SWIFT_EMIT_LOC_STRINGS = NO;
				SWIFT_VERSION = 5.0;
				TARGETED_DEVICE_FAMILY = "1,2";
				TEST_HOST = "$(BUILT_PRODUCTS_DIR)/pictureCompare.app/$(BUNDLE_EXECUTABLE_FOLDER_PATH)/pictureCompare";
			};
			name = Debug;
		};
		81AD67D62A0A2B9300314822 /* Release */ = {
			isa = XCBuildConfiguration;
			buildSettings = {
				ALWAYS_EMBED_SWIFT_STANDARD_LIBRARIES = YES;
				BUNDLE_LOADER = "$(TEST_HOST)";
				CODE_SIGN_STYLE = Automatic;
				CURRENT_PROJECT_VERSION = 1;
				GENERATE_INFOPLIST_FILE = YES;
				IPHONEOS_DEPLOYMENT_TARGET = 16.2;
				MARKETING_VERSION = 1.0;
				PRODUCT_BUNDLE_IDENTIFIER = yasuyama.pictureCompareTests;
				PRODUCT_NAME = "$(TARGET_NAME)";
				SWIFT_EMIT_LOC_STRINGS = NO;
				SWIFT_VERSION = 5.0;
				TARGETED_DEVICE_FAMILY = "1,2";
				TEST_HOST = "$(BUILT_PRODUCTS_DIR)/pictureCompare.app/$(BUNDLE_EXECUTABLE_FOLDER_PATH)/pictureCompare";
			};
			name = Release;
		};
		81AD67D82A0A2B9300314822 /* Debug */ = {
			isa = XCBuildConfiguration;
			buildSettings = {
				ALWAYS_EMBED_SWIFT_STANDARD_LIBRARIES = YES;
				CODE_SIGN_STYLE = Automatic;
				CURRENT_PROJECT_VERSION = 1;
				GENERATE_INFOPLIST_FILE = YES;
				MARKETING_VERSION = 1.0;
				PRODUCT_BUNDLE_IDENTIFIER = yasuyama.pictureCompareUITests;
				PRODUCT_NAME = "$(TARGET_NAME)";
				SWIFT_EMIT_LOC_STRINGS = NO;
				SWIFT_VERSION = 5.0;
				TARGETED_DEVICE_FAMILY = "1,2";
				TEST_TARGET_NAME = pictureCompare;
			};
			name = Debug;
		};
		81AD67D92A0A2B9300314822 /* Release */ = {
			isa = XCBuildConfiguration;
			buildSettings = {
				ALWAYS_EMBED_SWIFT_STANDARD_LIBRARIES = YES;
				CODE_SIGN_STYLE = Automatic;
				CURRENT_PROJECT_VERSION = 1;
				GENERATE_INFOPLIST_FILE = YES;
				MARKETING_VERSION = 1.0;
				PRODUCT_BUNDLE_IDENTIFIER = yasuyama.pictureCompareUITests;
				PRODUCT_NAME = "$(TARGET_NAME)";
				SWIFT_EMIT_LOC_STRINGS = NO;
				SWIFT_VERSION = 5.0;
				TARGETED_DEVICE_FAMILY = "1,2";
				TEST_TARGET_NAME = pictureCompare;
			};
			name = Release;
		};
/* End XCBuildConfiguration section */

/* Begin XCConfigurationList section */
		81AD67A22A0A2B9200314822 /* Build configuration list for PBXProject "pictureCompare" */ = {
			isa = XCConfigurationList;
			buildConfigurations = (
				81AD67CF2A0A2B9300314822 /* Debug */,
				81AD67D02A0A2B9300314822 /* Release */,
			);
			defaultConfigurationIsVisible = 0;
			defaultConfigurationName = Release;
		};
		81AD67D12A0A2B9300314822 /* Build configuration list for PBXNativeTarget "pictureCompare" */ = {
			isa = XCConfigurationList;
			buildConfigurations = (
				81AD67D22A0A2B9300314822 /* Debug */,
				81AD67D32A0A2B9300314822 /* Release */,
			);
			defaultConfigurationIsVisible = 0;
			defaultConfigurationName = Release;
		};
		81AD67D42A0A2B9300314822 /* Build configuration list for PBXNativeTarget "pictureCompareTests" */ = {
			isa = XCConfigurationList;
			buildConfigurations = (
				81AD67D52A0A2B9300314822 /* Debug */,
				81AD67D62A0A2B9300314822 /* Release */,
			);
			defaultConfigurationIsVisible = 0;
			defaultConfigurationName = Release;
		};
		81AD67D72A0A2B9300314822 /* Build configuration list for PBXNativeTarget "pictureCompareUITests" */ = {
			isa = XCConfigurationList;
			buildConfigurations = (
				81AD67D82A0A2B9300314822 /* Debug */,
				81AD67D92A0A2B9300314822 /* Release */,
			);
			defaultConfigurationIsVisible = 0;
			defaultConfigurationName = Release;
		};
/* End XCConfigurationList section */
	};
	rootObject = 81AD679F2A0A2B9200314822 /* Project object */;
}
